
Microsoft Visual Studio Solution File, Format Version 12.00
# Visual Studio Version 17
VisualStudioVersion = 17.0.31903.59
MinimumVisualStudioVersion = 10.0.40219.1
Project("{9A19103F-16F7-4668-BE54-9A1E7A4F7556}") = "NewSyntax", "NewSyntax\NewSyntax.csproj", "{9BFA99A6-1F22-40BE-BD91-D97AA92A352F}"
EndProject
Project("{9A19103F-16F7-4668-BE54-9A1E7A4F7556}") = "AsyncMethodDemo", "AsyncMethodDemo\AsyncMethodDemo.csproj", "{1681C7A3-0803-4202-82AF-AEBD8505B90D}"
EndProject
Project("{9A19103F-16F7-4668-BE54-9A1E7A4F7556}") = "LinqDemo", "LinqDemo\LinqDemo.csproj", "{C1ED944E-4296-4226-9445-93D69DCB0CBB}"
EndProject
Project("{9A19103F-16F7-4668-BE54-9A1E7A4F7556}") = "ServiceLocatorDemo", "ServiceLocatorDemo\ServiceLocatorDemo.csproj", "{9480282A-DEFC-42EB-A804-7C5161E3C017}"
EndProject
Project("{9A19103F-16F7-4668-BE54-9A1E7A4F7556}") = "DIDemo", "DIDemo\DIDemo.csproj", "{6830A544-688B-4A94-8C4C-233C0C933081}"
EndProject
Project("{FAE04EC0-301F-11D3-BF4B-00C04F79EFBC}") = "ConfigDemo", "ConfigDemo\ConfigDemo.csproj", "{DCC47C73-41A9-42FB-8F0F-E0DEB332F8A0}"
EndProject
Global
	GlobalSection(SolutionConfigurationPlatforms) = preSolution
		Debug|Any CPU = Debug|Any CPU
		Release|Any CPU = Release|Any CPU
	EndGlobalSection
	GlobalSection(ProjectConfigurationPlatforms) = postSolution
		{9BFA99A6-1F22-40BE-BD91-D97AA92A352F}.Debug|Any CPU.ActiveCfg = Debug|Any CPU
		{9BFA99A6-1F22-40BE-BD91-D97AA92A352F}.Debug|Any CPU.Build.0 = Debug|Any CPU
		{9BFA99A6-1F22-40BE-BD91-D97AA92A352F}.Release|Any CPU.ActiveCfg = Release|Any CPU
		{9BFA99A6-1F22-40BE-BD91-D97AA92A352F}.Release|Any CPU.Build.0 = Release|Any CPU
		{1681C7A3-0803-4202-82AF-AEBD8505B90D}.Debug|Any CPU.ActiveCfg = Debug|Any CPU
		{1681C7A3-0803-4202-82AF-AEBD8505B90D}.Debug|Any CPU.Build.0 = Debug|Any CPU
		{1681C7A3-0803-4202-82AF-AEBD8505B90D}.Release|Any CPU.ActiveCfg = Release|Any CPU
		{1681C7A3-0803-4202-82AF-AEBD8505B90D}.Release|Any CPU.Build.0 = Release|Any CPU
		{C1ED944E-4296-4226-9445-93D69DCB0CBB}.Debug|Any CPU.ActiveCfg = Debug|Any CPU
		{C1ED944E-4296-4226-9445-93D69DCB0CBB}.Debug|Any CPU.Build.0 = Debug|Any CPU
		{C1ED944E-4296-4226-9445-93D69DCB0CBB}.Release|Any CPU.ActiveCfg = Release|Any CPU
		{C1ED944E-4296-4226-9445-93D69DCB0CBB}.Release|Any CPU.Build.0 = Release|Any CPU
		{9480282A-DEFC-42EB-A804-7C5161E3C017}.Debug|Any CPU.ActiveCfg = Debug|Any CPU
		{9480282A-DEFC-42EB-A804-7C5161E3C017}.Debug|Any CPU.Build.0 = Debug|Any CPU
		{9480282A-DEFC-42EB-A804-7C5161E3C017}.Release|Any CPU.ActiveCfg = Release|Any CPU
		{9480282A-DEFC-42EB-A804-7C5161E3C017}.Release|Any CPU.Build.0 = Release|Any CPU
		{6830A544-688B-4A94-8C4C-233C0C933081}.Debug|Any CPU.ActiveCfg = Debug|Any CPU
		{6830A544-688B-4A94-8C4C-233C0C933081}.Debug|Any CPU.Build.0 = Debug|Any CPU
		{6830A544-688B-4A94-8C4C-233C0C933081}.Release|Any CPU.ActiveCfg = Release|Any CPU
		{6830A544-688B-4A94-8C4C-233C0C933081}.Release|Any CPU.Build.0 = Release|Any CPU
		{DCC47C73-41A9-42FB-8F0F-E0DEB332F8A0}.Debug|Any CPU.ActiveCfg = Debug|Any CPU
		{DCC47C73-41A9-42FB-8F0F-E0DEB332F8A0}.Debug|Any CPU.Build.0 = Debug|Any CPU
		{DCC47C73-41A9-42FB-8F0F-E0DEB332F8A0}.Release|Any CPU.ActiveCfg = Release|Any CPU
		{DCC47C73-41A9-42FB-8F0F-E0DEB332F8A0}.Release|Any CPU.Build.0 = Release|Any CPU
	EndGlobalSection
	GlobalSection(SolutionProperties) = preSolution
		HideSolutionNode = FALSE
	EndGlobalSection
	GlobalSection(ExtensibilityGlobals) = postSolution
		SolutionGuid = {BDFD034D-E812-4083-B1FE-66A371B8778C}
	EndGlobalSection
EndGlobal
